
Microsoft Visual Studio Solution File, Format Version 12.00
# Visual Studio 15
VisualStudioVersion = 15.0.26124.0
MinimumVisualStudioVersion = 15.0.26124.0
Project("{2150E333-8FDC-42A3-9474-1A3956D46DE8}") = "src", "src", "{EF2F40AE-D466-410A-8FFF-599CD34C9DF3}"
EndProject
Project("{FAE04EC0-301F-11D3-BF4B-00C04F79EFBC}") = "Trill.Api", "src\Trill.Api\Trill.Api.csproj", "{5FBBFDD8-89CD-4E7A-81D1-51FE2A1FA67F}"
EndProject
Project("{FAE04EC0-301F-11D3-BF4B-00C04F79EFBC}") = "Trill.Application", "src\Trill.Application\Trill.Application.csproj", "{3C714F7C-174B-40C3-B507-9AA3C67E71A7}"
EndProject
Project("{FAE04EC0-301F-11D3-BF4B-00C04F79EFBC}") = "Trill.Core", "src\Trill.Core\Trill.Core.csproj", "{6C7821DB-ADCB-4840-A5A9-30C4AA7661E1}"
EndProject
Project("{FAE04EC0-301F-11D3-BF4B-00C04F79EFBC}") = "Trill.Infrastructure", "src\Trill.Infrastructure\Trill.Infrastructure.csproj", "{5A0F516A-66A4-4EEC-BB92-F742220294ED}"
EndProject
Project("{2150E333-8FDC-42A3-9474-1A3956D46DE8}") = "tests", "tests", "{BCEAEC2E-FF7E-4C8E-801D-9E447F32E392}"
EndProject
Project("{FAE04EC0-301F-11D3-BF4B-00C04F79EFBC}") = "Trill.Tests.Integration", "tests\Trill.Tests.Integration\Trill.Tests.Integration.csproj", "{957E21DF-8E44-4249-8514-224ECBD18E3C}"
EndProject
Project("{FAE04EC0-301F-11D3-BF4B-00C04F79EFBC}") = "Trill.Tests.Unit", "tests\Trill.Tests.Unit\Trill.Tests.Unit.csproj", "{7D6EFD76-FCF4-4627-A1D4-402CAB984C7F}"
EndProject
Global
	GlobalSection(SolutionConfigurationPlatforms) = preSolution
		Debug|Any CPU = Debug|Any CPU
		Debug|x64 = Debug|x64
		Debug|x86 = Debug|x86
		Release|Any CPU = Release|Any CPU
		Release|x64 = Release|x64
		Release|x86 = Release|x86
	EndGlobalSection
	GlobalSection(SolutionProperties) = preSolution
		HideSolutionNode = FALSE
	EndGlobalSection
	GlobalSection(ProjectConfigurationPlatforms) = postSolution
		{5FBBFDD8-89CD-4E7A-81D1-51FE2A1FA67F}.Debug|Any CPU.ActiveCfg = Debug|Any CPU
		{5FBBFDD8-89CD-4E7A-81D1-51FE2A1FA67F}.Debug|Any CPU.Build.0 = Debug|Any CPU
		{5FBBFDD8-89CD-4E7A-81D1-51FE2A1FA67F}.Debug|x64.ActiveCfg = Debug|Any CPU
		{5FBBFDD8-89CD-4E7A-81D1-51FE2A1FA67F}.Debug|x64.Build.0 = Debug|Any CPU
		{5FBBFDD8-89CD-4E7A-81D1-51FE2A1FA67F}.Debug|x86.ActiveCfg = Debug|Any CPU
		{5FBBFDD8-89CD-4E7A-81D1-51FE2A1FA67F}.Debug|x86.Build.0 = Debug|Any CPU
		{5FBBFDD8-89CD-4E7A-81D1-51FE2A1FA67F}.Release|Any CPU.ActiveCfg = Release|Any CPU
		{5FBBFDD8-89CD-4E7A-81D1-51FE2A1FA67F}.Release|Any CPU.Build.0 = Release|Any CPU
		{5FBBFDD8-89CD-4E7A-81D1-51FE2A1FA67F}.Release|x64.ActiveCfg = Release|Any CPU
		{5FBBFDD8-89CD-4E7A-81D1-51FE2A1FA67F}.Release|x64.Build.0 = Release|Any CPU
		{5FBBFDD8-89CD-4E7A-81D1-51FE2A1FA67F}.Release|x86.ActiveCfg = Release|Any CPU
		{5FBBFDD8-89CD-4E7A-81D1-51FE2A1FA67F}.Release|x86.Build.0 = Release|Any CPU
		{3C714F7C-174B-40C3-B507-9AA3C67E71A7}.Debug|Any CPU.ActiveCfg = Debug|Any CPU
		{3C714F7C-174B-40C3-B507-9AA3C67E71A7}.Debug|Any CPU.Build.0 = Debug|Any CPU
		{3C714F7C-174B-40C3-B507-9AA3C67E71A7}.Debug|x64.ActiveCfg = Debug|Any CPU
		{3C714F7C-174B-40C3-B507-9AA3C67E71A7}.Debug|x64.Build.0 = Debug|Any CPU
		{3C714F7C-174B-40C3-B507-9AA3C67E71A7}.Debug|x86.ActiveCfg = Debug|Any CPU
		{3C714F7C-174B-40C3-B507-9AA3C67E71A7}.Debug|x86.Build.0 = Debug|Any CPU
		{3C714F7C-174B-40C3-B507-9AA3C67E71A7}.Release|Any CPU.ActiveCfg = Release|Any CPU
		{3C714F7C-174B-40C3-B507-9AA3C67E71A7}.Release|Any CPU.Build.0 = Release|Any CPU
		{3C714F7C-174B-40C3-B507-9AA3C67E71A7}.Release|x64.ActiveCfg = Release|Any CPU
		{3C714F7C-174B-40C3-B507-9AA3C67E71A7}.Release|x64.Build.0 = Release|Any CPU
		{3C714F7C-174B-40C3-B507-9AA3C67E71A7}.Release|x86.ActiveCfg = Release|Any CPU
		{3C714F7C-174B-40C3-B507-9AA3C67E71A7}.Release|x86.Build.0 = Release|Any CPU
		{6C7821DB-ADCB-4840-A5A9-30C4AA7661E1}.Debug|Any CPU.ActiveCfg = Debug|Any CPU
		{6C7821DB-ADCB-4840-A5A9-30C4AA7661E1}.Debug|Any CPU.Build.0 = Debug|Any CPU
		{6C7821DB-ADCB-4840-A5A9-30C4AA7661E1}.Debug|x64.ActiveCfg = Debug|Any CPU
		{6C7821DB-ADCB-4840-A5A9-30C4AA7661E1}.Debug|x64.Build.0 = Debug|Any CPU
		{6C7821DB-ADCB-4840-A5A9-30C4AA7661E1}.Debug|x86.ActiveCfg = Debug|Any CPU
		{6C7821DB-ADCB-4840-A5A9-30C4AA7661E1}.Debug|x86.Build.0 = Debug|Any CPU
		{6C7821DB-ADCB-4840-A5A9-30C4AA7661E1}.Release|Any CPU.ActiveCfg = Release|Any CPU
		{6C7821DB-ADCB-4840-A5A9-30C4AA7661E1}.Release|Any CPU.Build.0 = Release|Any CPU
		{6C7821DB-ADCB-4840-A5A9-30C4AA7661E1}.Release|x64.ActiveCfg = Release|Any CPU
		{6C7821DB-ADCB-4840-A5A9-30C4AA7661E1}.Release|x64.Build.0 = Release|Any CPU
		{6C7821DB-ADCB-4840-A5A9-30C4AA7661E1}.Release|x86.ActiveCfg = Release|Any CPU
		{6C7821DB-ADCB-4840-A5A9-30C4AA7661E1}.Release|x86.Build.0 = Release|Any CPU
		{5A0F516A-66A4-4EEC-BB92-F742220294ED}.Debug|Any CPU.ActiveCfg = Debug|Any CPU
		{5A0F516A-66A4-4EEC-BB92-F742220294ED}.Debug|Any CPU.Build.0 = Debug|Any CPU
		{5A0F516A-66A4-4EEC-BB92-F742220294ED}.Debug|x64.ActiveCfg = Debug|Any CPU
		{5A0F516A-66A4-4EEC-BB92-F742220294ED}.Debug|x64.Build.0 = Debug|Any CPU
		{5A0F516A-66A4-4EEC-BB92-F742220294ED}.Debug|x86.ActiveCfg = Debug|Any CPU
		{5A0F516A-66A4-4EEC-BB92-F742220294ED}.Debug|x86.Build.0 = Debug|Any CPU
		{5A0F516A-66A4-4EEC-BB92-F742220294ED}.Release|Any CPU.ActiveCfg = Release|Any CPU
		{5A0F516A-66A4-4EEC-BB92-F742220294ED}.Release|Any CPU.Build.0 = Release|Any CPU
		{5A0F516A-66A4-4EEC-BB92-F742220294ED}.Release|x64.ActiveCfg = Release|Any CPU
		{5A0F516A-66A4-4EEC-BB92-F742220294ED}.Release|x64.Build.0 = Release|Any CPU
		{5A0F516A-66A4-4EEC-BB92-F742220294ED}.Release|x86.ActiveCfg = Release|Any CPU
		{5A0F516A-66A4-4EEC-BB92-F742220294ED}.Release|x86.Build.0 = Release|Any CPU
		{957E21DF-8E44-4249-8514-224ECBD18E3C}.Debug|Any CPU.ActiveCfg = Debug|Any CPU
		{957E21DF-8E44-4249-8514-224ECBD18E3C}.Debug|Any CPU.Build.0 = Debug|Any CPU
		{957E21DF-8E44-4249-8514-224ECBD18E3C}.Debug|x64.ActiveCfg = Debug|Any CPU
		{957E21DF-8E44-4249-8514-224ECBD18E3C}.Debug|x64.Build.0 = Debug|Any CPU
		{957E21DF-8E44-4249-8514-224ECBD18E3C}.Debug|x86.ActiveCfg = Debug|Any CPU
		{957E21DF-8E44-4249-8514-224ECBD18E3C}.Debug|x86.Build.0 = Debug|Any CPU
		{957E21DF-8E44-4249-8514-224ECBD18E3C}.Release|Any CPU.ActiveCfg = Release|Any CPU
		{957E21DF-8E44-4249-8514-224ECBD18E3C}.Release|Any CPU.Build.0 = Release|Any CPU
		{957E21DF-8E44-4249-8514-224ECBD18E3C}.Release|x64.ActiveCfg = Release|Any CPU
		{957E21DF-8E44-4249-8514-224ECBD18E3C}.Release|x64.Build.0 = Release|Any CPU
		{957E21DF-8E44-4249-8514-224ECBD18E3C}.Release|x86.ActiveCfg = Release|Any CPU
		{957E21DF-8E44-4249-8514-224ECBD18E3C}.Release|x86.Build.0 = Release|Any CPU
		{7D6EFD76-FCF4-4627-A1D4-402CAB984C7F}.Debug|Any CPU.ActiveCfg = Debug|Any CPU
		{7D6EFD76-FCF4-4627-A1D4-402CAB984C7F}.Debug|Any CPU.Build.0 = Debug|Any CPU
		{7D6EFD76-FCF4-4627-A1D4-402CAB984C7F}.Debug|x64.ActiveCfg = Debug|Any CPU
		{7D6EFD76-FCF4-4627-A1D4-402CAB984C7F}.Debug|x64.Build.0 = Debug|Any CPU
		{7D6EFD76-FCF4-4627-A1D4-402CAB984C7F}.Debug|x86.ActiveCfg = Debug|Any CPU
		{7D6EFD76-FCF4-4627-A1D4-402CAB984C7F}.Debug|x86.Build.0 = Debug|Any CPU
		{7D6EFD76-FCF4-4627-A1D4-402CAB984C7F}.Release|Any CPU.ActiveCfg = Release|Any CPU
		{7D6EFD76-FCF4-4627-A1D4-402CAB984C7F}.Release|Any CPU.Build.0 = Release|Any CPU
		{7D6EFD76-FCF4-4627-A1D4-402CAB984C7F}.Release|x64.ActiveCfg = Release|Any CPU
		{7D6EFD76-FCF4-4627-A1D4-402CAB984C7F}.Release|x64.Build.0 = Release|Any CPU
		{7D6EFD76-FCF4-4627-A1D4-402CAB984C7F}.Release|x86.ActiveCfg = Release|Any CPU
		{7D6EFD76-FCF4-4627-A1D4-402CAB984C7F}.Release|x86.Build.0 = Release|Any CPU
	EndGlobalSection
	GlobalSection(NestedProjects) = preSolution
		{5FBBFDD8-89CD-4E7A-81D1-51FE2A1FA67F} = {EF2F40AE-D466-410A-8FFF-599CD34C9DF3}
		{3C714F7C-174B-40C3-B507-9AA3C67E71A7} = {EF2F40AE-D466-410A-8FFF-599CD34C9DF3}
		{6C7821DB-ADCB-4840-A5A9-30C4AA7661E1} = {EF2F40AE-D466-410A-8FFF-599CD34C9DF3}
		{5A0F516A-66A4-4EEC-BB92-F742220294ED} = {EF2F40AE-D466-410A-8FFF-599CD34C9DF3}
		{957E21DF-8E44-4249-8514-224ECBD18E3C} = {BCEAEC2E-FF7E-4C8E-801D-9E447F32E392}
		{7D6EFD76-FCF4-4627-A1D4-402CAB984C7F} = {BCEAEC2E-FF7E-4C8E-801D-9E447F32E392}
	EndGlobalSection
EndGlobal
